
Microsoft Visual Studio Solution File, Format Version 12.00
# Visual Studio Version 17
VisualStudioVersion = 17.1.32210.238
MinimumVisualStudioVersion = 10.0.40219.1
Project("{FAE04EC0-301F-11D3-BF4B-00C04F79EFBC}") = "WaterBills", "WaterBills.csproj", "{21CF4D81-3D31-423D-9415-86416B46624A}"
EndProject
Global
	GlobalSection(SolutionConfigurationPlatforms) = preSolution
		Debug|Any CPU = Debug|Any CPU
		Release|Any CPU = Release|Any CPU
	EndGlobalSection
	GlobalSection(ProjectConfigurationPlatforms) = postSolution
		{21CF4D81-3D31-423D-9415-86416B46624A}.Debug|Any CPU.ActiveCfg = Debug|Any CPU
		{21CF4D81-3D31-423D-9415-86416B46624A}.Debug|Any CPU.Build.0 = Debug|Any CPU
		{21CF4D81-3D31-423D-9415-86416B46624A}.Release|Any CPU.ActiveCfg = Release|Any CPU
		{21CF4D81-3D31-423D-9415-86416B46624A}.Release|Any CPU.Build.0 = Release|Any CPU
	EndGlobalSection
	GlobalSection(SolutionProperties) = preSolution
		HideSolutionNode = FALSE
	EndGlobalSection
	GlobalSection(ExtensibilityGlobals) = postSolution
		SolutionGuid = {CBBFA4D4-70AC-489A-82E9-1169F901E504}
	EndGlobalSection
EndGlobal
